
Microsoft Visual Studio Solution File, Format Version 12.00
# Visual Studio 15
VisualStudioVersion = 15.0.27004.2002
MinimumVisualStudioVersion = 10.0.40219.1
Project("{FAE04EC0-301F-11D3-BF4B-00C04F79EFBC}") = "Projeto Estagio Cedro", "Projeto Estagio Cedro\Projeto Estagio Cedro.csproj", "{42134BA2-DCB4-4C0D-A925-B387BC2A99EF}"
EndProject
Global
	GlobalSection(SolutionConfigurationPlatforms) = preSolution
		Debug|Any CPU = Debug|Any CPU
		Release|Any CPU = Release|Any CPU
	EndGlobalSection
	GlobalSection(ProjectConfigurationPlatforms) = postSolution
		{42134BA2-DCB4-4C0D-A925-B387BC2A99EF}.Debug|Any CPU.ActiveCfg = Debug|Any CPU
		{42134BA2-DCB4-4C0D-A925-B387BC2A99EF}.Debug|Any CPU.Build.0 = Debug|Any CPU
		{42134BA2-DCB4-4C0D-A925-B387BC2A99EF}.Release|Any CPU.ActiveCfg = Release|Any CPU
		{42134BA2-DCB4-4C0D-A925-B387BC2A99EF}.Release|Any CPU.Build.0 = Release|Any CPU
	EndGlobalSection
	GlobalSection(SolutionProperties) = preSolution
		HideSolutionNode = FALSE
	EndGlobalSection
	GlobalSection(ExtensibilityGlobals) = postSolution
		SolutionGuid = {5026ABA5-D82C-4CF9-A195-1935741E65D5}
	EndGlobalSection
EndGlobal
